
Microsoft Visual Studio Solution File, Format Version 12.00
# Visual Studio 15
VisualStudioVersion = 15.0.28010.2048
MinimumVisualStudioVersion = 10.0.40219.1
Project("{FAE04EC0-301F-11D3-BF4B-00C04F79EFBC}") = "CsImagingApp", "CsImagingApp\CsImagingApp.csproj", "{68C4AFF1-B013-4372-A94C-4EFC91A83407}"
EndProject
Project("{FAE04EC0-301F-11D3-BF4B-00C04F79EFBC}") = "ImagingLib", "ImagingLib\ImagingLib.csproj", "{C1147365-42B1-4FEF-B90F-59A94A224708}"
EndProject
Global
	GlobalSection(SolutionConfigurationPlatforms) = preSolution
		Debug|Any CPU = Debug|Any CPU
		Release|Any CPU = Release|Any CPU
	EndGlobalSection
	GlobalSection(ProjectConfigurationPlatforms) = postSolution
		{68C4AFF1-B013-4372-A94C-4EFC91A83407}.Debug|Any CPU.ActiveCfg = Debug|Any CPU
		{68C4AFF1-B013-4372-A94C-4EFC91A83407}.Debug|Any CPU.Build.0 = Debug|Any CPU
		{68C4AFF1-B013-4372-A94C-4EFC91A83407}.Release|Any CPU.ActiveCfg = Release|Any CPU
		{68C4AFF1-B013-4372-A94C-4EFC91A83407}.Release|Any CPU.Build.0 = Release|Any CPU
		{C1147365-42B1-4FEF-B90F-59A94A224708}.Debug|Any CPU.ActiveCfg = Debug|Any CPU
		{C1147365-42B1-4FEF-B90F-59A94A224708}.Debug|Any CPU.Build.0 = Debug|Any CPU
		{C1147365-42B1-4FEF-B90F-59A94A224708}.Release|Any CPU.ActiveCfg = Release|Any CPU
		{C1147365-42B1-4FEF-B90F-59A94A224708}.Release|Any CPU.Build.0 = Release|Any CPU
	EndGlobalSection
	GlobalSection(SolutionProperties) = preSolution
		HideSolutionNode = FALSE
	EndGlobalSection
	GlobalSection(ExtensibilityGlobals) = postSolution
		SolutionGuid = {C91CE669-0F01-4DA5-B0F9-A6BCC88C2590}
	EndGlobalSection
EndGlobal
